
Microsoft Visual Studio Solution File, Format Version 12.00
# Visual Studio Express 15 for Windows Desktop
VisualStudioVersion = 15.0.28307.1169
MinimumVisualStudioVersion = 10.0.40219.1
Project("{FAE04EC0-301F-11D3-BF4B-00C04F79EFBC}") = "mgbot", "mgbot\mgbot.csproj", "{BAA388D7-BBC6-45D7-8264-26B52DAFEA5A}"
EndProject
Global
	GlobalSection(SolutionConfigurationPlatforms) = preSolution
		Debug|Any CPU = Debug|Any CPU
		Release|Any CPU = Release|Any CPU
	EndGlobalSection
	GlobalSection(ProjectConfigurationPlatforms) = postSolution
		{BAA388D7-BBC6-45D7-8264-26B52DAFEA5A}.Debug|Any CPU.ActiveCfg = Debug|Any CPU
		{BAA388D7-BBC6-45D7-8264-26B52DAFEA5A}.Debug|Any CPU.Build.0 = Debug|Any CPU
		{BAA388D7-BBC6-45D7-8264-26B52DAFEA5A}.Release|Any CPU.ActiveCfg = Release|Any CPU
		{BAA388D7-BBC6-45D7-8264-26B52DAFEA5A}.Release|Any CPU.Build.0 = Release|Any CPU
	EndGlobalSection
	GlobalSection(SolutionProperties) = preSolution
		HideSolutionNode = FALSE
	EndGlobalSection
	GlobalSection(ExtensibilityGlobals) = postSolution
		SolutionGuid = {E68669E7-67DC-4952-B4F4-17861ECC6B00}
	EndGlobalSection
EndGlobal
